
Microsoft Visual Studio Solution File, Format Version 12.00
# Visual Studio 14
VisualStudioVersion = 14.0.23107.0
MinimumVisualStudioVersion = 10.0.40219.1
Project("{FAE04EC0-301F-11D3-BF4B-00C04F79EFBC}") = "zadatak5", "zadatak5\zadatak5.csproj", "{794CDB68-4E6B-4269-A321-903C23E58E8E}"
EndProject
Project("{FAE04EC0-301F-11D3-BF4B-00C04F79EFBC}") = "zadatak2", "..\zadatak2\zadatak2\zadatak2.csproj", "{0C8DFF13-617D-41C8-82B0-0395842B1265}"
EndProject
Global
	GlobalSection(SolutionConfigurationPlatforms) = preSolution
		Debug|Any CPU = Debug|Any CPU
		Debug|x86 = Debug|x86
		Release|Any CPU = Release|Any CPU
		Release|x86 = Release|x86
	EndGlobalSection
	GlobalSection(ProjectConfigurationPlatforms) = postSolution
		{794CDB68-4E6B-4269-A321-903C23E58E8E}.Debug|Any CPU.ActiveCfg = Debug|x86
		{794CDB68-4E6B-4269-A321-903C23E58E8E}.Debug|x86.ActiveCfg = Debug|x86
		{794CDB68-4E6B-4269-A321-903C23E58E8E}.Debug|x86.Build.0 = Debug|x86
		{794CDB68-4E6B-4269-A321-903C23E58E8E}.Release|Any CPU.ActiveCfg = Release|x86
		{794CDB68-4E6B-4269-A321-903C23E58E8E}.Release|x86.ActiveCfg = Release|x86
		{794CDB68-4E6B-4269-A321-903C23E58E8E}.Release|x86.Build.0 = Release|x86
		{0C8DFF13-617D-41C8-82B0-0395842B1265}.Debug|Any CPU.ActiveCfg = Debug|Any CPU
		{0C8DFF13-617D-41C8-82B0-0395842B1265}.Debug|Any CPU.Build.0 = Debug|Any CPU
		{0C8DFF13-617D-41C8-82B0-0395842B1265}.Debug|x86.ActiveCfg = Debug|Any CPU
		{0C8DFF13-617D-41C8-82B0-0395842B1265}.Debug|x86.Build.0 = Debug|Any CPU
		{0C8DFF13-617D-41C8-82B0-0395842B1265}.Release|Any CPU.ActiveCfg = Release|Any CPU
		{0C8DFF13-617D-41C8-82B0-0395842B1265}.Release|Any CPU.Build.0 = Release|Any CPU
		{0C8DFF13-617D-41C8-82B0-0395842B1265}.Release|x86.ActiveCfg = Release|Any CPU
		{0C8DFF13-617D-41C8-82B0-0395842B1265}.Release|x86.Build.0 = Release|Any CPU
	EndGlobalSection
	GlobalSection(SolutionProperties) = preSolution
		HideSolutionNode = FALSE
	EndGlobalSection
EndGlobal
